// !$*UTF8*$!
{
	archiveVersion = 1;
	classes = {
	};
	objectVersion = 45;
	objects = {

/* Begin PBXBuildFile section */
		018AC7200F7FB5E2008C4E7A /* main.m in Sources */ = {isa = PBXBuildFile; fileRef = 018AC71F0F7FB5E2008C4E7A /* main.m */; };
		018AC7230F7FB5ED008C4E7A /* AppDelegate.m in Sources */ = {isa = PBXBuildFile; fileRef = 018AC7220F7FB5ED008C4E7A /* AppDelegate.m */; };
		01E2AB960F88C63000AEB1DD /* RootViewController.m in Sources */ = {isa = PBXBuildFile; fileRef = 01E2AB950F88C63000AEB1DD /* RootViewController.m */; };
		01E2AB990F88C63C00AEB1DD /* Default.png in Resources */ = {isa = PBXBuildFile; fileRef = 01E2AB970F88C63C00AEB1DD /* Default.png */; };
		01E2AB9A0F88C63C00AEB1DD /* icon.png in Resources */ = {isa = PBXBuildFile; fileRef = 01E2AB980F88C63C00AEB1DD /* icon.png */; };
		01E2ABAC0F88C73F00AEB1DD /* libimageLib.a in Frameworks */ = {isa = PBXBuildFile; fileRef = 01E2ABA50F88C6AA00AEB1DD /* libimageLib.a */; };
		1D60589F0D05DD5A006BFB54 /* Foundation.framework in Frameworks */ = {isa = PBXBuildFile; fileRef = 1D30AB110D05D00D00671497 /* Foundation.framework */; };
		1DF5F4E00D08C38300B7A737 /* UIKit.framework in Frameworks */ = {isa = PBXBuildFile; fileRef = 1DF5F4DF0D08C38300B7A737 /* UIKit.framework */; };
		288765FD0DF74451002DB57D /* CoreGraphics.framework in Frameworks */ = {isa = PBXBuildFile; fileRef = 288765FC0DF74451002DB57D /* CoreGraphics.framework */; };
/* End PBXBuildFile section */

/* Begin PBXContainerItemProxy section */
		01E2ABA40F88C6AA00AEB1DD /* PBXContainerItemProxy */ = {
			isa = PBXContainerItemProxy;
			containerPortal = 01E2AB9B0F88C6A900AEB1DD /* imageLib.xcodeproj */;
			proxyType = 2;
			remoteGlobalIDString = D2AAC07E0554694100DB518D /* libimageLib.a */;
			remoteInfo = imageLib;
		};
		01E2ABA60F88C6BF00AEB1DD /* PBXContainerItemProxy */ = {
			isa = PBXContainerItemProxy;
			containerPortal = 01E2AB9B0F88C6A900AEB1DD /* imageLib.xcodeproj */;
			proxyType = 1;
			remoteGlobalIDString = D2AAC07D0554694100DB518D /* imageLib */;
			remoteInfo = imageLib;
		};
/* End PBXContainerItemProxy section */

/* Begin PBXFileReference section */
		018AC6E10F7FB454008C4E7A /* Info.plist */ = {isa = PBXFileReference; fileEncoding = 4; lastKnownFileType = text.plist.xml; path = Info.plist; sourceTree = "<group>"; };
		018AC6E40F7FB488008C4E7A /* Prefix.pch */ = {isa = PBXFileReference; fileEncoding = 4; lastKnownFileType = sourcecode.c.h; path = Prefix.pch; sourceTree = "<group>"; };
		018AC71F0F7FB5E2008C4E7A /* main.m */ = {isa = PBXFileReference; fileEncoding = 4; lastKnownFileType = sourcecode.c.objc; name = main.m; path = "main and AppDelegate/main.m"; sourceTree = "<group>"; };
		018AC7210F7FB5ED008C4E7A /* AppDelegate.h */ = {isa = PBXFileReference; fileEncoding = 4; lastKnownFileType = sourcecode.c.h; name = AppDelegate.h; path = "main and AppDelegate/AppDelegate.h"; sourceTree = "<group>"; };
		018AC7220F7FB5ED008C4E7A /* AppDelegate.m */ = {isa = PBXFileReference; fileEncoding = 4; lastKnownFileType = sourcecode.c.objc; name = AppDelegate.m; path = "main and AppDelegate/AppDelegate.m"; sourceTree = "<group>"; };
		01E2AB940F88C63000AEB1DD /* RootViewController.h */ = {isa = PBXFileReference; fileEncoding = 4; lastKnownFileType = sourcecode.c.h; path = RootViewController.h; sourceTree = "<group>"; };
		01E2AB950F88C63000AEB1DD /* RootViewController.m */ = {isa = PBXFileReference; fileEncoding = 4; lastKnownFileType = sourcecode.c.objc; path = RootViewController.m; sourceTree = "<group>"; };
		01E2AB970F88C63C00AEB1DD /* Default.png */ = {isa = PBXFileReference; lastKnownFileType = image.png; path = Default.png; sourceTree = "<group>"; };
		01E2AB980F88C63C00AEB1DD /* icon.png */ = {isa = PBXFileReference; lastKnownFileType = image.png; path = icon.png; sourceTree = "<group>"; };
		01E2AB9B0F88C6A900AEB1DD /* imageLib.xcodeproj */ = {isa = PBXFileReference; lastKnownFileType = "wrapper.pb-project"; name = imageLib.xcodeproj; path = "../../../../../../Users/frank/workspace/g-iphone-samples/imageLib/imageLib/imageLib.xcodeproj"; sourceTree = SDKROOT; };
		01E2ABA80F88C6ED00AEB1DD /* ImageView.h */ = {isa = PBXFileReference; fileEncoding = 4; lastKnownFileType = sourcecode.c.h; name = ImageView.h; path = "../../../../../../Users/frank/workspace/g-iphone-samples/imageLib/imageLib/imageLibSrc/ImageView.h"; sourceTree = SDKROOT; };
		1D30AB110D05D00D00671497 /* Foundation.framework */ = {isa = PBXFileReference; lastKnownFileType = wrapper.framework; name = Foundation.framework; path = System/Library/Frameworks/Foundation.framework; sourceTree = SDKROOT; };
		1D6058910D05DD3D006BFB54 /* imageLibTest.app */ = {isa = PBXFileReference; explicitFileType = wrapper.application; includeInIndex = 0; path = imageLibTest.app; sourceTree = BUILT_PRODUCTS_DIR; };
		1DF5F4DF0D08C38300B7A737 /* UIKit.framework */ = {isa = PBXFileReference; lastKnownFileType = wrapper.framework; name = UIKit.framework; path = System/Library/Frameworks/UIKit.framework; sourceTree = SDKROOT; };
		288765FC0DF74451002DB57D /* CoreGraphics.framework */ = {isa = PBXFileReference; lastKnownFileType = wrapper.framework; name = CoreGraphics.framework; path = System/Library/Frameworks/CoreGraphics.framework; sourceTree = SDKROOT; };
/* End PBXFileReference section */

/* Begin PBXFrameworksBuildPhase section */
		1D60588F0D05DD3D006BFB54 /* Frameworks */ = {
			isa = PBXFrameworksBuildPhase;
			buildActionMask = 2147483647;
			files = (
				01E2ABAC0F88C73F00AEB1DD /* libimageLib.a in Frameworks */,
				1D60589F0D05DD5A006BFB54 /* Foundation.framework in Frameworks */,
				1DF5F4E00D08C38300B7A737 /* UIKit.framework in Frameworks */,
				288765FD0DF74451002DB57D /* CoreGraphics.framework in Frameworks */,
			);
			runOnlyForDeploymentPostprocessing = 0;
		};
/* End PBXFrameworksBuildPhase section */

/* Begin PBXGroup section */
		018AC71E0F7FB5D0008C4E7A /* main AppDelegate and Info */ = {
			isa = PBXGroup;
			children = (
				018AC6E10F7FB454008C4E7A /* Info.plist */,
				018AC6E40F7FB488008C4E7A /* Prefix.pch */,
				018AC71F0F7FB5E2008C4E7A /* main.m */,
				018AC7210F7FB5ED008C4E7A /* AppDelegate.h */,
				018AC7220F7FB5ED008C4E7A /* AppDelegate.m */,
			);
			name = "main AppDelegate and Info";
			sourceTree = "<group>";
		};
		01E2ABA10F88C6A900AEB1DD /* Products */ = {
			isa = PBXGroup;
			children = (
				01E2ABA50F88C6AA00AEB1DD /* libimageLib.a */,
			);
			name = Products;
			sourceTree = "<group>";
		};
		080E96DDFE201D6D7F000001 /* Classes */ = {
			isa = PBXGroup;
			children = (
				01E2AB940F88C63000AEB1DD /* RootViewController.h */,
				01E2AB950F88C63000AEB1DD /* RootViewController.m */,
			);
			path = Classes;
			sourceTree = "<group>";
		};
		19C28FACFE9D520D11CA2CBB /* Products */ = {
			isa = PBXGroup;
			children = (
				1D6058910D05DD3D006BFB54 /* imageLibTest.app */,
			);
			name = Products;
			sourceTree = "<group>";
		};
		29B97314FDCFA39411CA2CEA /* CustomTemplate */ = {
			isa = PBXGroup;
			children = (
				01E2ABA80F88C6ED00AEB1DD /* ImageView.h */,
				01E2AB9B0F88C6A900AEB1DD /* imageLib.xcodeproj */,
				018AC71E0F7FB5D0008C4E7A /* main AppDelegate and Info */,
				080E96DDFE201D6D7F000001 /* Classes */,
				29B97317FDCFA39411CA2CEA /* Resources */,
				29B97323FDCFA39411CA2CEA /* Frameworks */,
				19C28FACFE9D520D11CA2CBB /* Products */,
			);
			name = CustomTemplate;
			sourceTree = "<group>";
		};
		29B97317FDCFA39411CA2CEA /* Resources */ = {
			isa = PBXGroup;
			children = (
				01E2AB970F88C63C00AEB1DD /* Default.png */,
				01E2AB980F88C63C00AEB1DD /* icon.png */,
			);
			name = Resources;
			sourceTree = "<group>";
		};
		29B97323FDCFA39411CA2CEA /* Frameworks */ = {
			isa = PBXGroup;
			children = (
				1DF5F4DF0D08C38300B7A737 /* UIKit.framework */,
				1D30AB110D05D00D00671497 /* Foundation.framework */,
				288765FC0DF74451002DB57D /* CoreGraphics.framework */,
			);
			name = Frameworks;
			sourceTree = "<group>";
		};
/* End PBXGroup section */

/* Begin PBXNativeTarget section */
		1D6058900D05DD3D006BFB54 /* imageLibTest */ = {
			isa = PBXNativeTarget;
			buildConfigurationList = 1D6058960D05DD3E006BFB54 /* Build configuration list for PBXNativeTarget "imageLibTest" */;
			buildPhases = (
				1D60588D0D05DD3D006BFB54 /* Resources */,
				1D60588E0D05DD3D006BFB54 /* Sources */,
				1D60588F0D05DD3D006BFB54 /* Frameworks */,
			);
			buildRules = (
			);
			dependencies = (
				01E2ABA70F88C6BF00AEB1DD /* PBXTargetDependency */,
			);
			name = imageLibTest;
			productName = imageLibTest;
			productReference = 1D6058910D05DD3D006BFB54 /* imageLibTest.app */;
			productType = "com.apple.product-type.application";
		};
/* End PBXNativeTarget section */

/* Begin PBXProject section */
		29B97313FDCFA39411CA2CEA /* Project object */ = {
			isa = PBXProject;
			buildConfigurationList = C01FCF4E08A954540054247B /* Build configuration list for PBXProject "imageLibTest" */;
			compatibilityVersion = "Xcode 3.1";
			hasScannedForEncodings = 1;
			mainGroup = 29B97314FDCFA39411CA2CEA /* CustomTemplate */;
			projectDirPath = "";
			projectReferences = (
				{
					ProductGroup = 01E2ABA10F88C6A900AEB1DD /* Products */;
					ProjectRef = 01E2AB9B0F88C6A900AEB1DD /* imageLib.xcodeproj */;
				},
			);
			projectRoot = "";
			targets = (
				1D6058900D05DD3D006BFB54 /* imageLibTest */,
			);
		};
/* End PBXProject section */

/* Begin PBXReferenceProxy section */
		01E2ABA50F88C6AA00AEB1DD /* libimageLib.a */ = {
			isa = PBXReferenceProxy;
			fileType = archive.ar;
			path = libimageLib.a;
			remoteRef = 01E2ABA40F88C6AA00AEB1DD /* PBXContainerItemProxy */;
			sourceTree = BUILT_PRODUCTS_DIR;
		};
/* End PBXReferenceProxy section */

/* Begin PBXResourcesBuildPhase section */
		1D60588D0D05DD3D006BFB54 /* Resources */ = {
			isa = PBXResourcesBuildPhase;
			buildActionMask = 2147483647;
			files = (
				01E2AB990F88C63C00AEB1DD /* Default.png in Resources */,
				01E2AB9A0F88C63C00AEB1DD /* icon.png in Resources */,
			);
			runOnlyForDeploymentPostprocessing = 0;
		};
/* End PBXResourcesBuildPhase section */

/* Begin PBXSourcesBuildPhase section */
		1D60588E0D05DD3D006BFB54 /* Sources */ = {
			isa = PBXSourcesBuildPhase;
			buildActionMask = 2147483647;
			files = (
				018AC7200F7FB5E2008C4E7A /* main.m in Sources */,
				018AC7230F7FB5ED008C4E7A /* AppDelegate.m in Sources */,
				01E2AB960F88C63000AEB1DD /* RootViewController.m in Sources */,
			);
			runOnlyForDeploymentPostprocessing = 0;
		};
/* End PBXSourcesBuildPhase section */

/* Begin PBXTargetDependency section */
		01E2ABA70F88C6BF00AEB1DD /* PBXTargetDependency */ = {
			isa = PBXTargetDependency;
			name = imageLib;
			targetProxy = 01E2ABA60F88C6BF00AEB1DD /* PBXContainerItemProxy */;
		};
/* End PBXTargetDependency section */

/* Begin XCBuildConfiguration section */
		1D6058940D05DD3E006BFB54 /* Debug */ = {
			isa = XCBuildConfiguration;
			buildSettings = {
				ALWAYS_SEARCH_USER_PATHS = NO;
				COPY_PHASE_STRIP = NO;
				GCC_DYNAMIC_NO_PIC = NO;
				GCC_OPTIMIZATION_LEVEL = 0;
				GCC_PRECOMPILE_PREFIX_HEADER = YES;
				GCC_PREFIX_HEADER = Prefix.pch;
				INFOPLIST_FILE = Info.plist;
				PRODUCT_NAME = imageLibTest;
			};
			name = Debug;
		};
		1D6058950D05DD3E006BFB54 /* Release */ = {
			isa = XCBuildConfiguration;
			buildSettings = {
				ALWAYS_SEARCH_USER_PATHS = NO;
				COPY_PHASE_STRIP = YES;
				GCC_PRECOMPILE_PREFIX_HEADER = YES;
				GCC_PREFIX_HEADER = Prefix.pch;
				INFOPLIST_FILE = Info.plist;
				PRODUCT_NAME = imageLibTest;
			};
			name = Release;
		};
		C01FCF4F08A954540054247B /* Debug */ = {
			isa = XCBuildConfiguration;
			buildSettings = {
				ARCHS = "$(ARCHS_STANDARD_32_BIT)";
				"CODE_SIGN_IDENTITY[sdk=iphoneos*]" = "iPhone Developer: Frank Gong";
				GCC_C_LANGUAGE_STANDARD = c99;
				GCC_PREFIX_HEADER = Prefix.pch;
				GCC_WARN_ABOUT_RETURN_TYPE = YES;
				GCC_WARN_UNUSED_VARIABLE = YES;
				INFOPLIST_FILE = "main AppDelegate and Info/Info.plist";
				INFOPLIST_PREFIX_HEADER = "";
				ONLY_ACTIVE_ARCH = YES;
				PREBINDING = NO;
				"PROVISIONING_PROFILE[sdk=iphoneos*]" = "7FAEB4D0-CD38-4744-B426-BB581D178435";
				SDKROOT = iphoneos2.2.1;
			};
			name = Debug;
		};
		C01FCF5008A954540054247B /* Release */ = {
			isa = XCBuildConfiguration;
			buildSettings = {
				ARCHS = "$(ARCHS_STANDARD_32_BIT)";
				"CODE_SIGN_IDENTITY[sdk=iphoneos*]" = "iPhone Developer: Frank Gong";
				GCC_C_LANGUAGE_STANDARD = c99;
				GCC_PREFIX_HEADER = Prefix.pch;
				GCC_WARN_ABOUT_RETURN_TYPE = YES;
				GCC_WARN_UNUSED_VARIABLE = YES;
				INFOPLIST_FILE = "main AppDelegate and Info/Info.plist";
				INFOPLIST_PREFIX_HEADER = "";
				PREBINDING = NO;
				"PROVISIONING_PROFILE[sdk=iphoneos*]" = "7FAEB4D0-CD38-4744-B426-BB581D178435";
				SDKROOT = iphoneos2.2.1;
			};
			name = Release;
		};
/* End XCBuildConfiguration section */

/* Begin XCConfigurationList section */
		1D6058960D05DD3E006BFB54 /* Build configuration list for PBXNativeTarget "imageLibTest" */ = {
			isa = XCConfigurationList;
			buildConfigurations = (
				1D6058940D05DD3E006BFB54 /* Debug */,
				1D6058950D05DD3E006BFB54 /* Release */,
			);
			defaultConfigurationIsVisible = 0;
			defaultConfigurationName = Release;
		};
		C01FCF4E08A954540054247B /* Build configuration list for PBXProject "imageLibTest" */ = {
			isa = XCConfigurationList;
			buildConfigurations = (
				C01FCF4F08A954540054247B /* Debug */,
				C01FCF5008A954540054247B /* Release */,
			);
			defaultConfigurationIsVisible = 0;
			defaultConfigurationName = Release;
		};
/* End XCConfigurationList section */
	};
	rootObject = 29B97313FDCFA39411CA2CEA /* Project object */;
}
