// !$*UTF8*$!
{
	archiveVersion = 1;
	classes = {
	};
	objectVersion = 45;
	objects = {

/* Begin PBXBuildFile section */
		016FA9BC0F7F9CAE004444A0 /* RootViewController.m in Sources */ = {isa = PBXBuildFile; fileRef = 016FA9BB0F7F9CAE004444A0 /* RootViewController.m */; };
		018AC7200F7FB5E2008C4E7A /* main.m in Sources */ = {isa = PBXBuildFile; fileRef = 018AC71F0F7FB5E2008C4E7A /* main.m */; };
		018AC7230F7FB5ED008C4E7A /* AppDelegate.m in Sources */ = {isa = PBXBuildFile; fileRef = 018AC7220F7FB5ED008C4E7A /* AppDelegate.m */; };
		01EAB2DF0F8B7A71000FBE41 /* AsyncSocket.m in Sources */ = {isa = PBXBuildFile; fileRef = 01EAB2D00F8B7A71000FBE41 /* AsyncSocket.m */; };
		01EAB2E00F8B7A71000FBE41 /* DDData.m in Sources */ = {isa = PBXBuildFile; fileRef = 01EAB2D20F8B7A71000FBE41 /* DDData.m */; };
		01EAB2E10F8B7A71000FBE41 /* DDNumber.m in Sources */ = {isa = PBXBuildFile; fileRef = 01EAB2D40F8B7A71000FBE41 /* DDNumber.m */; };
		01EAB2E20F8B7A71000FBE41 /* DDRange.m in Sources */ = {isa = PBXBuildFile; fileRef = 01EAB2D60F8B7A71000FBE41 /* DDRange.m */; };
		01EAB2E30F8B7A71000FBE41 /* HTTPAuthenticationRequest.m in Sources */ = {isa = PBXBuildFile; fileRef = 01EAB2D80F8B7A71000FBE41 /* HTTPAuthenticationRequest.m */; };
		01EAB2E40F8B7A71000FBE41 /* HTTPConnection.m in Sources */ = {isa = PBXBuildFile; fileRef = 01EAB2DA0F8B7A71000FBE41 /* HTTPConnection.m */; };
		01EAB2E50F8B7A71000FBE41 /* HTTPResponse.m in Sources */ = {isa = PBXBuildFile; fileRef = 01EAB2DC0F8B7A71000FBE41 /* HTTPResponse.m */; };
		01EAB2E60F8B7A71000FBE41 /* HTTPServer.m in Sources */ = {isa = PBXBuildFile; fileRef = 01EAB2DE0F8B7A71000FBE41 /* HTTPServer.m */; };
		01EAB2F00F8B7B81000FBE41 /* FGServerContent.m in Sources */ = {isa = PBXBuildFile; fileRef = 01EAB2EF0F8B7B81000FBE41 /* FGServerContent.m */; };
		01EAB38F0F8B8169000FBE41 /* CFNetwork.framework in Frameworks */ = {isa = PBXBuildFile; fileRef = 01EAB38E0F8B8169000FBE41 /* CFNetwork.framework */; };
		1D60589F0D05DD5A006BFB54 /* Foundation.framework in Frameworks */ = {isa = PBXBuildFile; fileRef = 1D30AB110D05D00D00671497 /* Foundation.framework */; };
		1DF5F4E00D08C38300B7A737 /* UIKit.framework in Frameworks */ = {isa = PBXBuildFile; fileRef = 1DF5F4DF0D08C38300B7A737 /* UIKit.framework */; };
		288765FD0DF74451002DB57D /* CoreGraphics.framework in Frameworks */ = {isa = PBXBuildFile; fileRef = 288765FC0DF74451002DB57D /* CoreGraphics.framework */; };
/* End PBXBuildFile section */

/* Begin PBXFileReference section */
		016FA9BA0F7F9CAE004444A0 /* RootViewController.h */ = {isa = PBXFileReference; fileEncoding = 4; lastKnownFileType = sourcecode.c.h; path = RootViewController.h; sourceTree = "<group>"; };
		016FA9BB0F7F9CAE004444A0 /* RootViewController.m */ = {isa = PBXFileReference; fileEncoding = 4; lastKnownFileType = sourcecode.c.objc; path = RootViewController.m; sourceTree = "<group>"; };
		018AC6E10F7FB454008C4E7A /* Info.plist */ = {isa = PBXFileReference; fileEncoding = 4; lastKnownFileType = text.plist.xml; path = Info.plist; sourceTree = "<group>"; };
		018AC6E40F7FB488008C4E7A /* Prefix.pch */ = {isa = PBXFileReference; fileEncoding = 4; lastKnownFileType = sourcecode.c.h; path = Prefix.pch; sourceTree = "<group>"; };
		018AC71F0F7FB5E2008C4E7A /* main.m */ = {isa = PBXFileReference; fileEncoding = 4; lastKnownFileType = sourcecode.c.objc; name = main.m; path = "main and AppDelegate/main.m"; sourceTree = "<group>"; };
		018AC7210F7FB5ED008C4E7A /* AppDelegate.h */ = {isa = PBXFileReference; fileEncoding = 4; lastKnownFileType = sourcecode.c.h; name = AppDelegate.h; path = "main and AppDelegate/AppDelegate.h"; sourceTree = "<group>"; };
		018AC7220F7FB5ED008C4E7A /* AppDelegate.m */ = {isa = PBXFileReference; fileEncoding = 4; lastKnownFileType = sourcecode.c.objc; name = AppDelegate.m; path = "main and AppDelegate/AppDelegate.m"; sourceTree = "<group>"; };
		01EAB2CF0F8B7A71000FBE41 /* AsyncSocket.h */ = {isa = PBXFileReference; fileEncoding = 4; lastKnownFileType = sourcecode.c.h; path = AsyncSocket.h; sourceTree = "<group>"; };
		01EAB2D00F8B7A71000FBE41 /* AsyncSocket.m */ = {isa = PBXFileReference; fileEncoding = 4; lastKnownFileType = sourcecode.c.objc; path = AsyncSocket.m; sourceTree = "<group>"; };
		01EAB2D10F8B7A71000FBE41 /* DDData.h */ = {isa = PBXFileReference; fileEncoding = 4; lastKnownFileType = sourcecode.c.h; path = DDData.h; sourceTree = "<group>"; };
		01EAB2D20F8B7A71000FBE41 /* DDData.m */ = {isa = PBXFileReference; fileEncoding = 4; lastKnownFileType = sourcecode.c.objc; path = DDData.m; sourceTree = "<group>"; };
		01EAB2D30F8B7A71000FBE41 /* DDNumber.h */ = {isa = PBXFileReference; fileEncoding = 4; lastKnownFileType = sourcecode.c.h; path = DDNumber.h; sourceTree = "<group>"; };
		01EAB2D40F8B7A71000FBE41 /* DDNumber.m */ = {isa = PBXFileReference; fileEncoding = 4; lastKnownFileType = sourcecode.c.objc; path = DDNumber.m; sourceTree = "<group>"; };
		01EAB2D50F8B7A71000FBE41 /* DDRange.h */ = {isa = PBXFileReference; fileEncoding = 4; lastKnownFileType = sourcecode.c.h; path = DDRange.h; sourceTree = "<group>"; };
		01EAB2D60F8B7A71000FBE41 /* DDRange.m */ = {isa = PBXFileReference; fileEncoding = 4; lastKnownFileType = sourcecode.c.objc; path = DDRange.m; sourceTree = "<group>"; };
		01EAB2D70F8B7A71000FBE41 /* HTTPAuthenticationRequest.h */ = {isa = PBXFileReference; fileEncoding = 4; lastKnownFileType = sourcecode.c.h; path = HTTPAuthenticationRequest.h; sourceTree = "<group>"; };
		01EAB2D80F8B7A71000FBE41 /* HTTPAuthenticationRequest.m */ = {isa = PBXFileReference; fileEncoding = 4; lastKnownFileType = sourcecode.c.objc; path = HTTPAuthenticationRequest.m; sourceTree = "<group>"; };
		01EAB2D90F8B7A71000FBE41 /* HTTPConnection.h */ = {isa = PBXFileReference; fileEncoding = 4; lastKnownFileType = sourcecode.c.h; path = HTTPConnection.h; sourceTree = "<group>"; };
		01EAB2DA0F8B7A71000FBE41 /* HTTPConnection.m */ = {isa = PBXFileReference; fileEncoding = 4; lastKnownFileType = sourcecode.c.objc; path = HTTPConnection.m; sourceTree = "<group>"; };
		01EAB2DB0F8B7A71000FBE41 /* HTTPResponse.h */ = {isa = PBXFileReference; fileEncoding = 4; lastKnownFileType = sourcecode.c.h; path = HTTPResponse.h; sourceTree = "<group>"; };
		01EAB2DC0F8B7A71000FBE41 /* HTTPResponse.m */ = {isa = PBXFileReference; fileEncoding = 4; lastKnownFileType = sourcecode.c.objc; path = HTTPResponse.m; sourceTree = "<group>"; };
		01EAB2DD0F8B7A71000FBE41 /* HTTPServer.h */ = {isa = PBXFileReference; fileEncoding = 4; lastKnownFileType = sourcecode.c.h; path = HTTPServer.h; sourceTree = "<group>"; };
		01EAB2DE0F8B7A71000FBE41 /* HTTPServer.m */ = {isa = PBXFileReference; fileEncoding = 4; lastKnownFileType = sourcecode.c.objc; path = HTTPServer.m; sourceTree = "<group>"; };
		01EAB2EE0F8B7B81000FBE41 /* FGServerContent.h */ = {isa = PBXFileReference; fileEncoding = 4; lastKnownFileType = sourcecode.c.h; path = FGServerContent.h; sourceTree = "<group>"; };
		01EAB2EF0F8B7B81000FBE41 /* FGServerContent.m */ = {isa = PBXFileReference; fileEncoding = 4; lastKnownFileType = sourcecode.c.objc; path = FGServerContent.m; sourceTree = "<group>"; };
		01EAB38E0F8B8169000FBE41 /* CFNetwork.framework */ = {isa = PBXFileReference; lastKnownFileType = wrapper.framework; name = CFNetwork.framework; path = System/Library/Frameworks/CFNetwork.framework; sourceTree = SDKROOT; };
		1D30AB110D05D00D00671497 /* Foundation.framework */ = {isa = PBXFileReference; lastKnownFileType = wrapper.framework; name = Foundation.framework; path = System/Library/Frameworks/Foundation.framework; sourceTree = SDKROOT; };
		1D6058910D05DD3D006BFB54 /* httpD.app */ = {isa = PBXFileReference; explicitFileType = wrapper.application; includeInIndex = 0; path = httpD.app; sourceTree = BUILT_PRODUCTS_DIR; };
		1DF5F4DF0D08C38300B7A737 /* UIKit.framework */ = {isa = PBXFileReference; lastKnownFileType = wrapper.framework; name = UIKit.framework; path = System/Library/Frameworks/UIKit.framework; sourceTree = SDKROOT; };
		288765FC0DF74451002DB57D /* CoreGraphics.framework */ = {isa = PBXFileReference; lastKnownFileType = wrapper.framework; name = CoreGraphics.framework; path = System/Library/Frameworks/CoreGraphics.framework; sourceTree = SDKROOT; };
/* End PBXFileReference section */

/* Begin PBXFrameworksBuildPhase section */
		1D60588F0D05DD3D006BFB54 /* Frameworks */ = {
			isa = PBXFrameworksBuildPhase;
			buildActionMask = 2147483647;
			files = (
				1D60589F0D05DD5A006BFB54 /* Foundation.framework in Frameworks */,
				1DF5F4E00D08C38300B7A737 /* UIKit.framework in Frameworks */,
				288765FD0DF74451002DB57D /* CoreGraphics.framework in Frameworks */,
				01EAB38F0F8B8169000FBE41 /* CFNetwork.framework in Frameworks */,
			);
			runOnlyForDeploymentPostprocessing = 0;
		};
/* End PBXFrameworksBuildPhase section */

/* Begin PBXGroup section */
		018AC71E0F7FB5D0008C4E7A /* main AppDelegate and Info */ = {
			isa = PBXGroup;
			children = (
				018AC6E10F7FB454008C4E7A /* Info.plist */,
				018AC6E40F7FB488008C4E7A /* Prefix.pch */,
				018AC71F0F7FB5E2008C4E7A /* main.m */,
				018AC7210F7FB5ED008C4E7A /* AppDelegate.h */,
				018AC7220F7FB5ED008C4E7A /* AppDelegate.m */,
			);
			name = "main AppDelegate and Info";
			sourceTree = "<group>";
		};
		01EAB2CE0F8B7A71000FBE41 /* HttpServer */ = {
			isa = PBXGroup;
			children = (
				01EAB2CF0F8B7A71000FBE41 /* AsyncSocket.h */,
				01EAB2D00F8B7A71000FBE41 /* AsyncSocket.m */,
				01EAB2D10F8B7A71000FBE41 /* DDData.h */,
				01EAB2D20F8B7A71000FBE41 /* DDData.m */,
				01EAB2D30F8B7A71000FBE41 /* DDNumber.h */,
				01EAB2D40F8B7A71000FBE41 /* DDNumber.m */,
				01EAB2D50F8B7A71000FBE41 /* DDRange.h */,
				01EAB2D60F8B7A71000FBE41 /* DDRange.m */,
				01EAB2D70F8B7A71000FBE41 /* HTTPAuthenticationRequest.h */,
				01EAB2D80F8B7A71000FBE41 /* HTTPAuthenticationRequest.m */,
				01EAB2D90F8B7A71000FBE41 /* HTTPConnection.h */,
				01EAB2DA0F8B7A71000FBE41 /* HTTPConnection.m */,
				01EAB2DB0F8B7A71000FBE41 /* HTTPResponse.h */,
				01EAB2DC0F8B7A71000FBE41 /* HTTPResponse.m */,
				01EAB2DD0F8B7A71000FBE41 /* HTTPServer.h */,
				01EAB2DE0F8B7A71000FBE41 /* HTTPServer.m */,
			);
			name = HttpServer;
			path = ../HttpServer;
			sourceTree = SOURCE_ROOT;
		};
		01EAB2EB0F8B7B40000FBE41 /* ServerContent */ = {
			isa = PBXGroup;
			children = (
				01EAB2EE0F8B7B81000FBE41 /* FGServerContent.h */,
				01EAB2EF0F8B7B81000FBE41 /* FGServerContent.m */,
			);
			path = ServerContent;
			sourceTree = "<group>";
		};
		080E96DDFE201D6D7F000001 /* Classes */ = {
			isa = PBXGroup;
			children = (
				016FA9BA0F7F9CAE004444A0 /* RootViewController.h */,
				016FA9BB0F7F9CAE004444A0 /* RootViewController.m */,
			);
			path = Classes;
			sourceTree = "<group>";
		};
		19C28FACFE9D520D11CA2CBB /* Products */ = {
			isa = PBXGroup;
			children = (
				1D6058910D05DD3D006BFB54 /* httpD.app */,
			);
			name = Products;
			sourceTree = "<group>";
		};
		29B97314FDCFA39411CA2CEA /* CustomTemplate */ = {
			isa = PBXGroup;
			children = (
				01EAB2EB0F8B7B40000FBE41 /* ServerContent */,
				01EAB2CE0F8B7A71000FBE41 /* HttpServer */,
				018AC71E0F7FB5D0008C4E7A /* main AppDelegate and Info */,
				080E96DDFE201D6D7F000001 /* Classes */,
				29B97317FDCFA39411CA2CEA /* Resources */,
				29B97323FDCFA39411CA2CEA /* Frameworks */,
				19C28FACFE9D520D11CA2CBB /* Products */,
			);
			name = CustomTemplate;
			sourceTree = "<group>";
		};
		29B97317FDCFA39411CA2CEA /* Resources */ = {
			isa = PBXGroup;
			children = (
			);
			name = Resources;
			sourceTree = "<group>";
		};
		29B97323FDCFA39411CA2CEA /* Frameworks */ = {
			isa = PBXGroup;
			children = (
				01EAB38E0F8B8169000FBE41 /* CFNetwork.framework */,
				1DF5F4DF0D08C38300B7A737 /* UIKit.framework */,
				1D30AB110D05D00D00671497 /* Foundation.framework */,
				288765FC0DF74451002DB57D /* CoreGraphics.framework */,
			);
			name = Frameworks;
			sourceTree = "<group>";
		};
/* End PBXGroup section */

/* Begin PBXNativeTarget section */
		1D6058900D05DD3D006BFB54 /* httpD */ = {
			isa = PBXNativeTarget;
			buildConfigurationList = 1D6058960D05DD3E006BFB54 /* Build configuration list for PBXNativeTarget "httpD" */;
			buildPhases = (
				01EAB35D0F8B806A000FBE41 /* Run Script copy root */,
				1D60588D0D05DD3D006BFB54 /* Resources */,
				1D60588E0D05DD3D006BFB54 /* Sources */,
				1D60588F0D05DD3D006BFB54 /* Frameworks */,
			);
			buildRules = (
			);
			dependencies = (
			);
			name = httpD;
			productName = httpD;
			productReference = 1D6058910D05DD3D006BFB54 /* httpD.app */;
			productType = "com.apple.product-type.application";
		};
/* End PBXNativeTarget section */

/* Begin PBXProject section */
		29B97313FDCFA39411CA2CEA /* Project object */ = {
			isa = PBXProject;
			buildConfigurationList = C01FCF4E08A954540054247B /* Build configuration list for PBXProject "httpD" */;
			compatibilityVersion = "Xcode 3.1";
			hasScannedForEncodings = 1;
			mainGroup = 29B97314FDCFA39411CA2CEA /* CustomTemplate */;
			projectDirPath = "";
			projectRoot = "";
			targets = (
				1D6058900D05DD3D006BFB54 /* httpD */,
			);
		};
/* End PBXProject section */

/* Begin PBXResourcesBuildPhase section */
		1D60588D0D05DD3D006BFB54 /* Resources */ = {
			isa = PBXResourcesBuildPhase;
			buildActionMask = 2147483647;
			files = (
			);
			runOnlyForDeploymentPostprocessing = 0;
		};
/* End PBXResourcesBuildPhase section */

/* Begin PBXShellScriptBuildPhase section */
		01EAB35D0F8B806A000FBE41 /* Run Script copy root */ = {
			isa = PBXShellScriptBuildPhase;
			buildActionMask = 2147483647;
			files = (
			);
			inputPaths = (
			);
			name = "Run Script copy root";
			outputPaths = (
			);
			runOnlyForDeploymentPostprocessing = 0;
			shellPath = /bin/sh;
			shellScript = "cp -rf ServerContent/root \"${BUILT_PRODUCTS_DIR}/${CONTENTS_FOLDER_PATH}/\"";
		};
/* End PBXShellScriptBuildPhase section */

/* Begin PBXSourcesBuildPhase section */
		1D60588E0D05DD3D006BFB54 /* Sources */ = {
			isa = PBXSourcesBuildPhase;
			buildActionMask = 2147483647;
			files = (
				016FA9BC0F7F9CAE004444A0 /* RootViewController.m in Sources */,
				018AC7200F7FB5E2008C4E7A /* main.m in Sources */,
				018AC7230F7FB5ED008C4E7A /* AppDelegate.m in Sources */,
				01EAB2DF0F8B7A71000FBE41 /* AsyncSocket.m in Sources */,
				01EAB2E00F8B7A71000FBE41 /* DDData.m in Sources */,
				01EAB2E10F8B7A71000FBE41 /* DDNumber.m in Sources */,
				01EAB2E20F8B7A71000FBE41 /* DDRange.m in Sources */,
				01EAB2E30F8B7A71000FBE41 /* HTTPAuthenticationRequest.m in Sources */,
				01EAB2E40F8B7A71000FBE41 /* HTTPConnection.m in Sources */,
				01EAB2E50F8B7A71000FBE41 /* HTTPResponse.m in Sources */,
				01EAB2E60F8B7A71000FBE41 /* HTTPServer.m in Sources */,
				01EAB2F00F8B7B81000FBE41 /* FGServerContent.m in Sources */,
			);
			runOnlyForDeploymentPostprocessing = 0;
		};
/* End PBXSourcesBuildPhase section */

/* Begin XCBuildConfiguration section */
		1D6058940D05DD3E006BFB54 /* Debug */ = {
			isa = XCBuildConfiguration;
			buildSettings = {
				ALWAYS_SEARCH_USER_PATHS = NO;
				COPY_PHASE_STRIP = NO;
				GCC_DYNAMIC_NO_PIC = NO;
				GCC_OPTIMIZATION_LEVEL = 0;
				GCC_PRECOMPILE_PREFIX_HEADER = YES;
				GCC_PREFIX_HEADER = Prefix.pch;
				INFOPLIST_FILE = Info.plist;
				PRODUCT_NAME = httpD;
			};
			name = Debug;
		};
		1D6058950D05DD3E006BFB54 /* Release */ = {
			isa = XCBuildConfiguration;
			buildSettings = {
				ALWAYS_SEARCH_USER_PATHS = NO;
				COPY_PHASE_STRIP = YES;
				GCC_PRECOMPILE_PREFIX_HEADER = YES;
				GCC_PREFIX_HEADER = Prefix.pch;
				INFOPLIST_FILE = Info.plist;
				PRODUCT_NAME = httpD;
			};
			name = Release;
		};
		C01FCF4F08A954540054247B /* Debug */ = {
			isa = XCBuildConfiguration;
			buildSettings = {
				ARCHS = "$(ARCHS_STANDARD_32_BIT)";
				"CODE_SIGN_IDENTITY[sdk=iphoneos*]" = "iPhone Developer: Gong Pengjun";
				GCC_C_LANGUAGE_STANDARD = c99;
				GCC_PREFIX_HEADER = Prefix.pch;
				GCC_WARN_ABOUT_RETURN_TYPE = YES;
				GCC_WARN_UNUSED_VARIABLE = YES;
				INFOPLIST_FILE = "main AppDelegate and Info/Info.plist";
				INFOPLIST_PREFIX_HEADER = "";
				ONLY_ACTIVE_ARCH = YES;
				PREBINDING = NO;
				"PROVISIONING_PROFILE[sdk=iphoneos*]" = "1D83D2DD-27F3-470C-9C9E-0C34666CFC40";
				SDKROOT = iphoneos2.2.1;
			};
			name = Debug;
		};
		C01FCF5008A954540054247B /* Release */ = {
			isa = XCBuildConfiguration;
			buildSettings = {
				ARCHS = "$(ARCHS_STANDARD_32_BIT)";
				"CODE_SIGN_IDENTITY[sdk=iphoneos*]" = "iPhone Developer: Gong Pengjun";
				GCC_C_LANGUAGE_STANDARD = c99;
				GCC_PREFIX_HEADER = Prefix.pch;
				GCC_WARN_ABOUT_RETURN_TYPE = YES;
				GCC_WARN_UNUSED_VARIABLE = YES;
				INFOPLIST_FILE = "main AppDelegate and Info/Info.plist";
				INFOPLIST_PREFIX_HEADER = "";
				PREBINDING = NO;
				"PROVISIONING_PROFILE[sdk=iphoneos*]" = "1D83D2DD-27F3-470C-9C9E-0C34666CFC40";
				SDKROOT = iphoneos2.2.1;
			};
			name = Release;
		};
/* End XCBuildConfiguration section */

/* Begin XCConfigurationList section */
		1D6058960D05DD3E006BFB54 /* Build configuration list for PBXNativeTarget "httpD" */ = {
			isa = XCConfigurationList;
			buildConfigurations = (
				1D6058940D05DD3E006BFB54 /* Debug */,
				1D6058950D05DD3E006BFB54 /* Release */,
			);
			defaultConfigurationIsVisible = 0;
			defaultConfigurationName = Release;
		};
		C01FCF4E08A954540054247B /* Build configuration list for PBXProject "httpD" */ = {
			isa = XCConfigurationList;
			buildConfigurations = (
				C01FCF4F08A954540054247B /* Debug */,
				C01FCF5008A954540054247B /* Release */,
			);
			defaultConfigurationIsVisible = 0;
			defaultConfigurationName = Release;
		};
/* End XCConfigurationList section */
	};
	rootObject = 29B97313FDCFA39411CA2CEA /* Project object */;
}
